// !$*UTF8*$!
{
	archiveVersion = 1;
	classes = {
	};
	objectVersion = 38;
	objects = {
		080E96DDFE201D6D7F000001 = {
			children = (
				F5601AF00353732F0109FEFA,
				F5601AF10353732F0109FEFA,
				F5601AF20353732F0109FEFA,
				F5601AF30353732F0109FEFA,
				F5601AF40353732F0109FEFA,
				F5601AF50353732F0109FEFA,
				F5601AF60353732F0109FEFA,
				F5601AF70353732F0109FEFA,
				F5601AF80353732F0109FEFA,
				F5601AF90353732F0109FEFA,
				F5601AFA0353732F0109FEFA,
				F5601AFB0353732F0109FEFA,
				F5601AFC0353732F0109FEFA,
				F5601AFD0353732F0109FEFA,
				F5BA4842035523AD01A801C4,
				F5BA4843035523AD01A801C4,
				F5A4F41B0356A76901A801C4,
				F5A4F41C0356A76901A801C4,
				F5D1960F03628AC801A801C4,
				F5BAF2D2036CDA3201ED6A41,
				F5BAF2D3036CDA3201ED6A41,
			);
			isa = PBXGroup;
			name = Classes;
			refType = 4;
		};
//080
//081
//082
//083
//084
//100
//101
//102
//103
//104
		1058C7A0FEA54F0111CA2CBB = {
			children = (
				F5601B19035373650109FEFA,
				F5601B1A035373650109FEFA,
				F5601B1B035373650109FEFA,
				1058C7A1FEA54F0111CA2CBB,
			);
			isa = PBXGroup;
			name = "Linked Frameworks";
			refType = 4;
		};
		1058C7A1FEA54F0111CA2CBB = {
			isa = PBXFrameworkReference;
			name = Cocoa.framework;
			path = /System/Library/Frameworks/Cocoa.framework;
			refType = 0;
		};
		1058C7A2FEA54F0111CA2CBB = {
			children = (
				29B97325FDCFA39411CA2CEA,
				29B97324FDCFA39411CA2CEA,
			);
			isa = PBXGroup;
			name = "Other Frameworks";
			refType = 4;
		};
		1058C7A3FEA54F0111CA2CBB = {
			fileRef = 1058C7A1FEA54F0111CA2CBB;
			isa = PBXBuildFile;
			settings = {
			};
		};
//100
//101
//102
//103
//104
//170
//171
//172
//173
//174
		17587328FF379C6511CA2CBB = {
			isa = PBXApplicationReference;
			path = PhotoUpload.app;
			refType = 3;
		};
//170
//171
//172
//173
//174
//190
//191
//192
//193
//194
		19C28FACFE9D520D11CA2CBB = {
			children = (
				17587328FF379C6511CA2CBB,
			);
			isa = PBXGroup;
			name = Products;
			refType = 4;
		};
//190
//191
//192
//193
//194
//290
//291
//292
//293
//294
		29B97313FDCFA39411CA2CEA = {
			buildStyles = (
				4A9504CCFFE6A4B311CA0CBA,
				4A9504CDFFE6A4B311CA0CBA,
			);
			hasScannedForEncodings = 1;
			isa = PBXProject;
			mainGroup = 29B97314FDCFA39411CA2CEA;
			projectDirPath = "";
			targets = (
				29B97326FDCFA39411CA2CEA,
			);
		};
		29B97314FDCFA39411CA2CEA = {
			children = (
				080E96DDFE201D6D7F000001,
				29B97315FDCFA39411CA2CEA,
				29B97317FDCFA39411CA2CEA,
				29B97323FDCFA39411CA2CEA,
				19C28FACFE9D520D11CA2CBB,
			);
			isa = PBXGroup;
			name = PhotoUpload;
			path = "";
			refType = 4;
		};
		29B97315FDCFA39411CA2CEA = {
			children = (
				29B97316FDCFA39411CA2CEA,
			);
			isa = PBXGroup;
			name = "Other Sources";
			path = "";
			refType = 4;
		};
		29B97316FDCFA39411CA2CEA = {
			fileEncoding = 30;
			isa = PBXFileReference;
			path = main.m;
			refType = 4;
		};
		29B97317FDCFA39411CA2CEA = {
			children = (
				F5D1960A0362869401A801C4,
				F52C09B603540EAB01A801C4,
				F5601B13035373480109FEFA,
				F5601B15035373480109FEFA,
				F5D196110362933F01A801C4,
				F5A4F4180356A6BE01A801C4,
				F5BAF2CF036CDA2401ED6A41,
			);
			isa = PBXGroup;
			name = Resources;
			path = "";
			refType = 4;
		};
		29B97323FDCFA39411CA2CEA = {
			children = (
				1058C7A0FEA54F0111CA2CBB,
				1058C7A2FEA54F0111CA2CBB,
			);
			isa = PBXGroup;
			name = Frameworks;
			path = "";
			refType = 4;
		};
		29B97324FDCFA39411CA2CEA = {
			isa = PBXFrameworkReference;
			name = AppKit.framework;
			path = /System/Library/Frameworks/AppKit.framework;
			refType = 0;
		};
		29B97325FDCFA39411CA2CEA = {
			isa = PBXFrameworkReference;
			name = Foundation.framework;
			path = /System/Library/Frameworks/Foundation.framework;
			refType = 0;
		};
		29B97326FDCFA39411CA2CEA = {
			buildPhases = (
				F5601B9B035373AB0109FEFA,
				29B97327FDCFA39411CA2CEA,
				29B97328FDCFA39411CA2CEA,
				29B9732BFDCFA39411CA2CEA,
				29B9732DFDCFA39411CA2CEA,
			);
			buildSettings = {
				FRAMEWORK_SEARCH_PATHS = "/Users/dustin/prog/eprojects/objcxmlrpc/ed/EDCommon/build /Users/dustin/prog/eprojects/objcxmlrpc/ed/EDMessage/build /Users/dustin/prog/eprojects/objcxmlrpc/znek/XMLRPC/build";
				HEADER_SEARCH_PATHS = "";
				INSTALL_PATH = "/Users/dustin/My Apps";
				LIBRARY_SEARCH_PATHS = "";
				OTHER_CFLAGS = "";
				PRODUCT_NAME = PhotoUpload;
				SECTORDER_FLAGS = "";
				WARNING_CFLAGS = "-Wmost -Wno-four-char-constants -Wno-unknown-pragmas";
				WRAPPER_EXTENSION = app;
			};
			dependencies = (
			);
			isa = PBXApplicationTarget;
			name = PhotoUpload;
			productInstallPath = "/Users/dustin/My Apps";
			productName = PhotoUpload;
			productReference = 17587328FF379C6511CA2CBB;
			productSettingsXML = "<?xml version=\"1.0\" encoding=\"UTF-8\"?>
<!DOCTYPE plist PUBLIC \"-//Apple Computer//DTD PLIST 1.0//EN\" \"http://www.apple.com/DTDs/PropertyList-1.0.dtd\">
<plist version=\"1.0\">
<dict>
	<key>CFBundleDevelopmentRegion</key>
	<string>English</string>
	<key>CFBundleExecutable</key>
	<string>PhotoUpload</string>
	<key>CFBundleGetInfoString</key>
	<string>PhotoUpload</string>
	<key>CFBundleIconFile</key>
	<string>PhotoUpload.icns</string>
	<key>CFBundleInfoDictionaryVersion</key>
	<string>6.0</string>
	<key>CFBundleName</key>
	<string>PhotoUpload</string>
	<key>CFBundlePackageType</key>
	<string>APPL</string>
	<key>CFBundleShortVersionString</key>
	<string>PhotoUpload</string>
	<key>CFBundleSignature</key>
	<string>????</string>
	<key>CFBundleVersion</key>
	<string>0.2</string>
	<key>NSMainNibFile</key>
	<string>MainMenu</string>
	<key>NSPrincipalClass</key>
	<string>NSApplication</string>
</dict>
</plist>
";
		};
		29B97327FDCFA39411CA2CEA = {
			buildActionMask = 2147483647;
			files = (
				F5601AFF0353732F0109FEFA,
				F5601B010353732F0109FEFA,
				F5601B030353732F0109FEFA,
				F5601B050353732F0109FEFA,
				F5601B070353732F0109FEFA,
				F5601B090353732F0109FEFA,
				F5601B0B0353732F0109FEFA,
				F5BA4844035523AD01A801C4,
				F5A4F41D0356A76901A801C4,
				F5D1961003628AC801A801C4,
				F5BAF2D4036CDA3201ED6A41,
			);
			isa = PBXHeadersBuildPhase;
			runOnlyForDeploymentPostprocessing = 0;
		};
		29B97328FDCFA39411CA2CEA = {
			buildActionMask = 2147483647;
			files = (
				F5D196120362933F01A801C4,
				F5D1960E0362871101A801C4,
				F5601B17035373480109FEFA,
				F56F8F9D035410E801A801C4,
				F5601B18035373480109FEFA,
				F5A4F4380356ABE301A801C4,
				F52A7F15036D1F28014A3929,
			);
			isa = PBXResourcesBuildPhase;
			runOnlyForDeploymentPostprocessing = 0;
		};
		29B9732BFDCFA39411CA2CEA = {
			buildActionMask = 2147483647;
			files = (
				29B9732CFDCFA39411CA2CEA,
				F5601B000353732F0109FEFA,
				F5601B020353732F0109FEFA,
				F5601B040353732F0109FEFA,
				F5601B060353732F0109FEFA,
				F5601B080353732F0109FEFA,
				F5601B0A0353732F0109FEFA,
				F5601B0C0353732F0109FEFA,
				F5BA4845035523AD01A801C4,
				F5A4F41E0356A76901A801C4,
				F5BAF2D5036CDA3201ED6A41,
			);
			isa = PBXSourcesBuildPhase;
			runOnlyForDeploymentPostprocessing = 0;
		};
		29B9732CFDCFA39411CA2CEA = {
			fileRef = 29B97316FDCFA39411CA2CEA;
			isa = PBXBuildFile;
			settings = {
				ATTRIBUTES = (
				);
			};
		};
		29B9732DFDCFA39411CA2CEA = {
			buildActionMask = 2147483647;
			files = (
				1058C7A3FEA54F0111CA2CBB,
				F5601B94035373660109FEFA,
				F5601B95035373660109FEFA,
				F5601B96035373660109FEFA,
			);
			isa = PBXFrameworksBuildPhase;
			runOnlyForDeploymentPostprocessing = 0;
		};
//290
//291
//292
//293
//294
//4A0
//4A1
//4A2
//4A3
//4A4
		4A9504CCFFE6A4B311CA0CBA = {
			buildRules = (
			);
			buildSettings = {
				COPY_PHASE_STRIP = NO;
				OPTIMIZATION_CFLAGS = "-O0";
			};
			isa = PBXBuildStyle;
			name = Development;
		};
		4A9504CDFFE6A4B311CA0CBA = {
			buildRules = (
			);
			buildSettings = {
				COPY_PHASE_STRIP = YES;
				OPTIMIZATION_CFLAGS = "-Os";
			};
			isa = PBXBuildStyle;
			name = Deployment;
		};
//4A0
//4A1
//4A2
//4A3
//4A4
//F50
//F51
//F52
//F53
//F54
		F52A7F15036D1F28014A3929 = {
			fileRef = F5BAF2CF036CDA2401ED6A41;
			isa = PBXBuildFile;
			settings = {
			};
		};
		F52C09B603540EAB01A801C4 = {
			isa = PBXFileReference;
			path = PhotoUpload.icns;
			refType = 4;
		};
		F5601AEF0353732F0109FEFA = {
			fileEncoding = 4;
			isa = PBXFileReference;
			name = Credits.html;
			path = English.lproj/Credits.html;
			refType = 4;
		};
		F5601AF00353732F0109FEFA = {
			fileEncoding = 4;
			isa = PBXFileReference;
			path = DumpMatrix.h;
			refType = 4;
		};
		F5601AF10353732F0109FEFA = {
			fileEncoding = 4;
			isa = PBXFileReference;
			path = DumpMatrix.m;
			refType = 4;
		};
		F5601AF20353732F0109FEFA = {
			fileEncoding = 4;
			isa = PBXFileReference;
			path = HideableProgressIndicator.h;
			refType = 4;
		};
		F5601AF30353732F0109FEFA = {
			fileEncoding = 4;
			isa = PBXFileReference;
			path = HideableProgressIndicator.m;
			refType = 4;
		};
		F5601AF40353732F0109FEFA = {
			fileEncoding = 4;
			isa = PBXFileReference;
			path = HideableTextField.h;
			refType = 4;
		};
		F5601AF50353732F0109FEFA = {
			fileEncoding = 4;
			isa = PBXFileReference;
			path = HideableTextField.m;
			refType = 4;
		};
		F5601AF60353732F0109FEFA = {
			fileEncoding = 4;
			isa = PBXFileReference;
			path = SizeScaler.h;
			refType = 4;
		};
		F5601AF70353732F0109FEFA = {
			fileEncoding = 4;
			isa = PBXFileReference;
			path = SizeScaler.m;
			refType = 4;
		};
		F5601AF80353732F0109FEFA = {
			fileEncoding = 4;
			isa = PBXFileReference;
			path = UploadController.h;
			refType = 4;
		};
		F5601AF90353732F0109FEFA = {
			fileEncoding = 4;
			isa = PBXFileReference;
			path = UploadController.m;
			refType = 4;
		};
		F5601AFA0353732F0109FEFA = {
			fileEncoding = 4;
			isa = PBXFileReference;
			path = UploadParams.h;
			refType = 4;
		};
		F5601AFB0353732F0109FEFA = {
			fileEncoding = 4;
			isa = PBXFileReference;
			path = UploadParams.m;
			refType = 4;
		};
		F5601AFC0353732F0109FEFA = {
			fileEncoding = 4;
			isa = PBXFileReference;
			path = UploadThread.h;
			refType = 4;
		};
		F5601AFD0353732F0109FEFA = {
			fileEncoding = 4;
			isa = PBXFileReference;
			path = UploadThread.m;
			refType = 4;
		};
		F5601AFF0353732F0109FEFA = {
			fileRef = F5601AF00353732F0109FEFA;
			isa = PBXBuildFile;
			settings = {
			};
		};
		F5601B000353732F0109FEFA = {
			fileRef = F5601AF10353732F0109FEFA;
			isa = PBXBuildFile;
			settings = {
			};
		};
		F5601B010353732F0109FEFA = {
			fileRef = F5601AF20353732F0109FEFA;
			isa = PBXBuildFile;
			settings = {
			};
		};
		F5601B020353732F0109FEFA = {
			fileRef = F5601AF30353732F0109FEFA;
			isa = PBXBuildFile;
			settings = {
			};
		};
		F5601B030353732F0109FEFA = {
			fileRef = F5601AF40353732F0109FEFA;
			isa = PBXBuildFile;
			settings = {
			};
		};
		F5601B040353732F0109FEFA = {
			fileRef = F5601AF50353732F0109FEFA;
			isa = PBXBuildFile;
			settings = {
			};
		};
		F5601B050353732F0109FEFA = {
			fileRef = F5601AF60353732F0109FEFA;
			isa = PBXBuildFile;
			settings = {
			};
		};
		F5601B060353732F0109FEFA = {
			fileRef = F5601AF70353732F0109FEFA;
			isa = PBXBuildFile;
			settings = {
			};
		};
		F5601B070353732F0109FEFA = {
			fileRef = F5601AF80353732F0109FEFA;
			isa = PBXBuildFile;
			settings = {
			};
		};
		F5601B080353732F0109FEFA = {
			fileRef = F5601AF90353732F0109FEFA;
			isa = PBXBuildFile;
			settings = {
			};
		};
		F5601B090353732F0109FEFA = {
			fileRef = F5601AFA0353732F0109FEFA;
			isa = PBXBuildFile;
			settings = {
			};
		};
		F5601B0A0353732F0109FEFA = {
			fileRef = F5601AFB0353732F0109FEFA;
			isa = PBXBuildFile;
			settings = {
			};
		};
		F5601B0B0353732F0109FEFA = {
			fileRef = F5601AFC0353732F0109FEFA;
			isa = PBXBuildFile;
			settings = {
			};
		};
		F5601B0C0353732F0109FEFA = {
			fileRef = F5601AFD0353732F0109FEFA;
			isa = PBXBuildFile;
			settings = {
			};
		};
		F5601B13035373480109FEFA = {
			children = (
				F5601B14035373480109FEFA,
			);
			isa = PBXVariantGroup;
			name = InfoPlist.strings;
			path = "";
			refType = 4;
		};
		F5601B14035373480109FEFA = {
			fileEncoding = 4;
			isa = PBXFileReference;
			name = English;
			path = English.lproj/InfoPlist.strings;
			refType = 4;
		};
		F5601B15035373480109FEFA = {
			children = (
				F5601B16035373480109FEFA,
			);
			isa = PBXVariantGroup;
			name = MainMenu.nib;
			path = "";
			refType = 4;
		};
		F5601B16035373480109FEFA = {
			isa = PBXFileReference;
			name = English;
			path = English.lproj/MainMenu.nib;
			refType = 4;
		};
		F5601B17035373480109FEFA = {
			fileRef = F5601B13035373480109FEFA;
			isa = PBXBuildFile;
			settings = {
			};
		};
		F5601B18035373480109FEFA = {
			fileRef = F5601B15035373480109FEFA;
			isa = PBXBuildFile;
			settings = {
			};
		};
		F5601B19035373650109FEFA = {
			isa = PBXFrameworkReference;
			name = EDCommon.framework;
			path = /Users/dustin/prog/eprojects/objcxmlrpc/ed/EDCommon/build/EDCommon.framework;
			refType = 0;
		};
		F5601B1A035373650109FEFA = {
			isa = PBXFrameworkReference;
			name = EDMessage.framework;
			path = /Users/dustin/prog/eprojects/objcxmlrpc/ed/EDMessage/build/EDMessage.framework;
			refType = 0;
		};
		F5601B1B035373650109FEFA = {
			isa = PBXFrameworkReference;
			name = XMLRPC.framework;
			path = /Users/dustin/prog/eprojects/objcxmlrpc/znek/XMLRPC/build/XMLRPC.framework;
			refType = 0;
		};
		F5601B94035373660109FEFA = {
			fileRef = F5601B19035373650109FEFA;
			isa = PBXBuildFile;
			settings = {
			};
		};
		F5601B95035373660109FEFA = {
			fileRef = F5601B1A035373650109FEFA;
			isa = PBXBuildFile;
			settings = {
			};
		};
		F5601B96035373660109FEFA = {
			fileRef = F5601B1B035373650109FEFA;
			isa = PBXBuildFile;
			settings = {
			};
		};
		F5601B9B035373AB0109FEFA = {
			buildActionMask = 2147483647;
			dstPath = "";
			dstSubfolderSpec = 10;
			files = (
				F5601B9E035373B80109FEFA,
				F5601B9F035373B80109FEFA,
				F5601BA0035373B80109FEFA,
				F5BAF2D1036CDA2401ED6A41,
			);
			isa = PBXCopyFilesBuildPhase;
			runOnlyForDeploymentPostprocessing = 0;
		};
		F5601B9E035373B80109FEFA = {
			fileRef = F5601B19035373650109FEFA;
			isa = PBXBuildFile;
			settings = {
			};
		};
		F5601B9F035373B80109FEFA = {
			fileRef = F5601B1A035373650109FEFA;
			isa = PBXBuildFile;
			settings = {
			};
		};
		F5601BA0035373B80109FEFA = {
			fileRef = F5601B1B035373650109FEFA;
			isa = PBXBuildFile;
			settings = {
			};
		};
		F56F8F9D035410E801A801C4 = {
			fileRef = F52C09B603540EAB01A801C4;
			isa = PBXBuildFile;
			settings = {
			};
		};
		F5A4F4180356A6BE01A801C4 = {
			children = (
				F5A4F4190356A6BE01A801C4,
			);
			isa = PBXVariantGroup;
			name = PhotoUploadBatch.nib;
			path = "";
			refType = 4;
		};
		F5A4F4190356A6BE01A801C4 = {
			isa = PBXFileReference;
			name = English;
			path = English.lproj/PhotoUploadBatch.nib;
			refType = 4;
		};
		F5A4F41B0356A76901A801C4 = {
			fileEncoding = 4;
			isa = PBXFileReference;
			path = BatchController.h;
			refType = 4;
		};
		F5A4F41C0356A76901A801C4 = {
			fileEncoding = 4;
			isa = PBXFileReference;
			path = BatchController.m;
			refType = 4;
		};
		F5A4F41D0356A76901A801C4 = {
			fileRef = F5A4F41B0356A76901A801C4;
			isa = PBXBuildFile;
			settings = {
			};
		};
		F5A4F41E0356A76901A801C4 = {
			fileRef = F5A4F41C0356A76901A801C4;
			isa = PBXBuildFile;
			settings = {
			};
		};
		F5A4F4380356ABE301A801C4 = {
			fileRef = F5A4F4180356A6BE01A801C4;
			isa = PBXBuildFile;
			settings = {
			};
		};
		F5BA4842035523AD01A801C4 = {
			fileEncoding = 4;
			isa = PBXFileReference;
			path = Batch.h;
			refType = 4;
		};
		F5BA4843035523AD01A801C4 = {
			fileEncoding = 4;
			isa = PBXFileReference;
			path = Batch.m;
			refType = 4;
		};
		F5BA4844035523AD01A801C4 = {
			fileRef = F5BA4842035523AD01A801C4;
			isa = PBXBuildFile;
			settings = {
			};
		};
		F5BA4845035523AD01A801C4 = {
			fileRef = F5BA4843035523AD01A801C4;
			isa = PBXBuildFile;
			settings = {
			};
		};
		F5BAF2CF036CDA2401ED6A41 = {
			children = (
				F5BAF2D0036CDA2401ED6A41,
			);
			isa = PBXVariantGroup;
			name = BatchUpload.nib;
			path = "";
			refType = 4;
		};
		F5BAF2D0036CDA2401ED6A41 = {
			isa = PBXFileReference;
			name = English;
			path = English.lproj/BatchUpload.nib;
			refType = 4;
		};
		F5BAF2D1036CDA2401ED6A41 = {
			fileRef = F5BAF2CF036CDA2401ED6A41;
			isa = PBXBuildFile;
			settings = {
			};
		};
		F5BAF2D2036CDA3201ED6A41 = {
			fileEncoding = 4;
			isa = PBXFileReference;
			path = BatchUploadController.h;
			refType = 4;
		};
		F5BAF2D3036CDA3201ED6A41 = {
			fileEncoding = 4;
			isa = PBXFileReference;
			path = BatchUploadController.m;
			refType = 4;
		};
		F5BAF2D4036CDA3201ED6A41 = {
			fileRef = F5BAF2D2036CDA3201ED6A41;
			isa = PBXBuildFile;
			settings = {
			};
		};
		F5BAF2D5036CDA3201ED6A41 = {
			fileRef = F5BAF2D3036CDA3201ED6A41;
			isa = PBXBuildFile;
			settings = {
			};
		};
		F5D1960A0362869401A801C4 = {
			children = (
				F5D1960B0362869401A801C4,
			);
			isa = PBXVariantGroup;
			name = Localizable.strings;
			path = "";
			refType = 4;
		};
		F5D1960B0362869401A801C4 = {
			fileEncoding = 4;
			isa = PBXFileReference;
			name = English;
			path = English.lproj/Localizable.strings;
			refType = 4;
		};
		F5D1960E0362871101A801C4 = {
			fileRef = F5D1960A0362869401A801C4;
			isa = PBXBuildFile;
			settings = {
			};
		};
		F5D1960F03628AC801A801C4 = {
			fileEncoding = 4;
			isa = PBXFileReference;
			path = PhotoUpload.h;
			refType = 4;
		};
		F5D1961003628AC801A801C4 = {
			fileRef = F5D1960F03628AC801A801C4;
			isa = PBXBuildFile;
			settings = {
			};
		};
		F5D196110362933F01A801C4 = {
			children = (
				F5601AEF0353732F0109FEFA,
			);
			isa = PBXVariantGroup;
			name = Credits.html;
			refType = 4;
		};
		F5D196120362933F01A801C4 = {
			fileRef = F5D196110362933F01A801C4;
			isa = PBXBuildFile;
			settings = {
			};
		};
	};
	rootObject = 29B97313FDCFA39411CA2CEA;
}
